Skip to content
Search or jump to…
Pull requests
Issues
Marketplace
Explore
 
@uday510 
Vishwa07dev
/
Relevel_Practice_Q2
Public
Code
Issues
Pull requests
4
Actions
Projects
Wiki
Security
Insights
Relevel_Practice_Q2/package.json

Vishwa Mohan Model changes
Latest commit 065fce7 7 minutes ago
 History
 0 contributors
22 lines (22 sloc)  542 Bytes
   
{
  "name": "relevel_practice_q2",
  "version": "1.0.0",
  "description": "",
  "main": "index.js",
  "scripts": {
    "test": "echo \"Error: no test specified\" && exit 1"
  },
  "repository": {
    "type": "git",
    "url": "git+https://github.com/Vishwa07dev/Relevel_Practice_Q2.git"
  },
  "author": "",
  "license": "ISC",
  "bugs": {
    "url": "https://github.com/Vishwa07dev/Relevel_Practice_Q2/issues"
  },
  "homepage": "https://github.com/Vishwa07dev/Relevel_Practice_Q2#readme",
  "dependencies": {
    "mongoose": "^6.3.3"
  }
}
© 2022 GitHub, Inc.
Terms
Privacy
Security
Status
Docs
Contact GitHub
Pricing
API
Training
Blog
About
Loading complete